{
  "requires": true,
  "lockfileVersion": 1,
  "dependencies": {
    "axios": {
      "version": "0.21.1",
      "resolved": "https://registry.npmjs.org/axios/-/axios-0.21.1.tgz",
      "integrity": "sha512-dKQiRHxGD9PPRIUNIWvZhPTPpl1rf/OxTYKsqKUDjBwYylTvV7SjSHJb9ratfyzM6wCdLCOYLzs73qpg5c4iGA==",
      "requires": {
        "follow-redirects": "^1.10.0"
      }
    },
    "follow-redirects": {
      "version": "1.14.1",
      "resolved": "https://registry.npmjs.org/follow-redirects/-/follow-redirects-1.14.1.tgz",
      "integrity": "sha512-HWqDgT7ZEkqRzBvc2s64vSZ/hfOceEol3ac/7tKwzuvEyWx3/4UegXh5oBOIotkGsObyk3xznnSRVADBgWSQVg=="
    },
    "lodash": {
      "version": "4.17.21",
      "resolved": "https://registry.npmjs.org/lodash/-/lodash-4.17.21.tgz",
      "integrity": "sha512-v2kDEe57lecTulaDIuNTPy3Ry4gLGJ6Z1O3vE1krgXZNrsQ+LFTGHVxVjcXPs17LhbZVGedAJv8XZ1tvj5FvSg=="
    },
    "pathseg": {
      "version": "1.2.1",
      "resolved": "https://registry.npmjs.org/pathseg/-/pathseg-1.2.1.tgz",
      "integrity": "sha512-LtvemzPvcGamWBbNWJaIrgfUzpynXfwYrP6SSFVRhNHVcCaq6SVm4kRGJNuIV8qzBKgCN3fEXFZZ16YETFIXoA==",
      "optional": true
    },
    "react-particles-js": {
      "version": "3.5.3",
      "resolved": "https://registry.npmjs.org/react-particles-js/-/react-particles-js-3.5.3.tgz",
      "integrity": "sha512-e9GWBT51WDtPkcaSy0ZLUAT93lBzDvuqrfW81NOf6G69XSurgCtVy4+ZYpUCnLhZgkokzsjrhtVOSj1FxPVyEw==",
      "requires": {
        "lodash": "^4.17.11"
      }
    },
    "tsparticles": {
      "version": "1.33.3",
      "resolved": "https://registry.npmjs.org/tsparticles/-/tsparticles-1.33.3.tgz",
      "integrity": "sha512-3pK9dNa0TCZC29sWXg4rU/sx6jXKPfDPmWfwGphfBPx9HDrKmP8ZJ1QTesZ7WBm3g6vCxBNOsb8yaCAofDwzIg==",
      "requires": {
        "pathseg": "^1.2.0"
      }
    }
  }
}
